
Microsoft Visual Studio Solution File, Format Version 12.00
# Visual Studio Version 17
VisualStudioVersion = 17.0.31903.59
MinimumVisualStudioVersion = 10.0.40219.1
Project("{9A19103F-16F7-4668-BE54-9A1E7A4F7556}") = "UDPSender", "UDPSender\UDPSender.csproj", "{A640C178-EC08-4B91-87D2-474E2B924FA2}"
EndProject
Project("{9A19103F-16F7-4668-BE54-9A1E7A4F7556}") = "Encoding", "..\WirelessMouseDesktop\Encoding\Encoding.csproj", "{36E57666-B1E0-48D3-B067-697279AEE25E}"
EndProject
Global
	GlobalSection(SolutionConfigurationPlatforms) = preSolution
		Debug|Any CPU = Debug|Any CPU
		Release|Any CPU = Release|Any CPU
	EndGlobalSection
	GlobalSection(ProjectConfigurationPlatforms) = postSolution
		{A640C178-EC08-4B91-87D2-474E2B924FA2}.Debug|Any CPU.ActiveCfg = Debug|Any CPU
		{A640C178-EC08-4B91-87D2-474E2B924FA2}.Debug|Any CPU.Build.0 = Debug|Any CPU
		{A640C178-EC08-4B91-87D2-474E2B924FA2}.Release|Any CPU.ActiveCfg = Release|Any CPU
		{A640C178-EC08-4B91-87D2-474E2B924FA2}.Release|Any CPU.Build.0 = Release|Any CPU
		{36E57666-B1E0-48D3-B067-697279AEE25E}.Debug|Any CPU.ActiveCfg = Debug|Any CPU
		{36E57666-B1E0-48D3-B067-697279AEE25E}.Debug|Any CPU.Build.0 = Debug|Any CPU
		{36E57666-B1E0-48D3-B067-697279AEE25E}.Release|Any CPU.ActiveCfg = Release|Any CPU
		{36E57666-B1E0-48D3-B067-697279AEE25E}.Release|Any CPU.Build.0 = Release|Any CPU
	EndGlobalSection
	GlobalSection(SolutionProperties) = preSolution
		HideSolutionNode = FALSE
	EndGlobalSection
	GlobalSection(ExtensibilityGlobals) = postSolution
		SolutionGuid = {06D68DF7-C6A5-4875-8E15-A71EDA5A8E72}
	EndGlobalSection
EndGlobal
